
Microsoft Visual Studio Solution File, Format Version 12.00
# Visual Studio 2012
Project("{FAE04EC0-301F-11D3-BF4B-00C04F79EFBC}") = "BindingControllerRegistrator", "BindingControllerRegistrator.csproj", "{48478BCD-E44D-447D-AFB8-6B7AC2D98014}"
EndProject
Global
	GlobalSection(SolutionConfigurationPlatforms) = preSolution
		Debug|Any CPU = Debug|Any CPU
		Release|Any CPU = Release|Any CPU
	EndGlobalSection
	GlobalSection(ProjectConfigurationPlatforms) = postSolution
		{48478BCD-E44D-447D-AFB8-6B7AC2D98014}.Debug|Any CPU.ActiveCfg = Debug|Any CPU
		{48478BCD-E44D-447D-AFB8-6B7AC2D98014}.Debug|Any CPU.Build.0 = Debug|Any CPU
		{48478BCD-E44D-447D-AFB8-6B7AC2D98014}.Release|Any CPU.ActiveCfg = Release|Any CPU
		{48478BCD-E44D-447D-AFB8-6B7AC2D98014}.Release|Any CPU.Build.0 = Release|Any CPU
	EndGlobalSection
EndGlobal
